
Microsoft Visual Studio Solution File, Format Version 12.00
# Visual Studio Version 17
VisualStudioVersion = 17.8.34330.188
MinimumVisualStudioVersion = 10.0.40219.1
Project("{FAE04EC0-301F-11D3-BF4B-00C04F79EFBC}") = "PracticaM6UF2", "PracticaM6UF2.csproj", "{65962A61-E8B3-4061-89C0-3BE95211E79C}"
EndProject
Global
	GlobalSection(SolutionConfigurationPlatforms) = preSolution
		Debug|Any CPU = Debug|Any CPU
		Release|Any CPU = Release|Any CPU
	EndGlobalSection
	GlobalSection(ProjectConfigurationPlatforms) = postSolution
		{65962A61-E8B3-4061-89C0-3BE95211E79C}.Debug|Any CPU.ActiveCfg = Debug|Any CPU
		{65962A61-E8B3-4061-89C0-3BE95211E79C}.Debug|Any CPU.Build.0 = Debug|Any CPU
		{65962A61-E8B3-4061-89C0-3BE95211E79C}.Release|Any CPU.ActiveCfg = Release|Any CPU
		{65962A61-E8B3-4061-89C0-3BE95211E79C}.Release|Any CPU.Build.0 = Release|Any CPU
	EndGlobalSection
	GlobalSection(SolutionProperties) = preSolution
		HideSolutionNode = FALSE
	EndGlobalSection
	GlobalSection(ExtensibilityGlobals) = postSolution
		SolutionGuid = {1AE1A1D5-7AE3-446A-BDC2-E4AF8C0E1BE6}
	EndGlobalSection
EndGlobal
